
Microsoft Visual Studio Solution File, Format Version 12.00
# Visual Studio Version 16
VisualStudioVersion = 16.0.30204.135
MinimumVisualStudioVersion = 10.0.40219.1
Project("{9A19103F-16F7-4668-BE54-9A1E7A4F7556}") = "Vehicles", "Vehicles\Vehicles.csproj", "{1130BAFC-1795-46E9-AB32-AB79BA2E1A26}"
EndProject
Project("{FAE04EC0-301F-11D3-BF4B-00C04F79EFBC}") = "Raiding", "Raiding\Raiding.csproj", "{C000007F-AF75-4F01-A2C7-2ABF57A593F2}"
EndProject
Project("{FAE04EC0-301F-11D3-BF4B-00C04F79EFBC}") = "WildFarm", "WildFarm\WildFarm.csproj", "{6B6FBCA8-90DC-403C-9172-69FC02CBDD0D}"
EndProject
Global
	GlobalSection(SolutionConfigurationPlatforms) = preSolution
		Debug|Any CPU = Debug|Any CPU
		Release|Any CPU = Release|Any CPU
	EndGlobalSection
	GlobalSection(ProjectConfigurationPlatforms) = postSolution
		{1130BAFC-1795-46E9-AB32-AB79BA2E1A26}.Debug|Any CPU.ActiveCfg = Debug|Any CPU
		{1130BAFC-1795-46E9-AB32-AB79BA2E1A26}.Debug|Any CPU.Build.0 = Debug|Any CPU
		{1130BAFC-1795-46E9-AB32-AB79BA2E1A26}.Release|Any CPU.ActiveCfg = Release|Any CPU
		{1130BAFC-1795-46E9-AB32-AB79BA2E1A26}.Release|Any CPU.Build.0 = Release|Any CPU
		{C000007F-AF75-4F01-A2C7-2ABF57A593F2}.Debug|Any CPU.ActiveCfg = Debug|Any CPU
		{C000007F-AF75-4F01-A2C7-2ABF57A593F2}.Debug|Any CPU.Build.0 = Debug|Any CPU
		{C000007F-AF75-4F01-A2C7-2ABF57A593F2}.Release|Any CPU.ActiveCfg = Release|Any CPU
		{C000007F-AF75-4F01-A2C7-2ABF57A593F2}.Release|Any CPU.Build.0 = Release|Any CPU
		{6B6FBCA8-90DC-403C-9172-69FC02CBDD0D}.Debug|Any CPU.ActiveCfg = Debug|Any CPU
		{6B6FBCA8-90DC-403C-9172-69FC02CBDD0D}.Debug|Any CPU.Build.0 = Debug|Any CPU
		{6B6FBCA8-90DC-403C-9172-69FC02CBDD0D}.Release|Any CPU.ActiveCfg = Release|Any CPU
		{6B6FBCA8-90DC-403C-9172-69FC02CBDD0D}.Release|Any CPU.Build.0 = Release|Any CPU
	EndGlobalSection
	GlobalSection(SolutionProperties) = preSolution
		HideSolutionNode = FALSE
	EndGlobalSection
	GlobalSection(ExtensibilityGlobals) = postSolution
		SolutionGuid = {99B66B31-0653-4E7F-8B20-2D6B89B07BA9}
	EndGlobalSection
EndGlobal
