
Microsoft Visual Studio Solution File, Format Version 12.00
# Visual Studio Version 16
VisualStudioVersion = 16.0.30320.27
MinimumVisualStudioVersion = 10.0.40219.1
Project("{FAE04EC0-301F-11D3-BF4B-00C04F79EFBC}") = "UnitTesting", "UnitTesting\UnitTesting.csproj", "{1A94049A-5942-43D8-B7EE-50717269442A}"
EndProject
Project("{FAE04EC0-301F-11D3-BF4B-00C04F79EFBC}") = "BankAccount.UnitTests", "BankAccount.UnitTests\BankAccount.UnitTests.csproj", "{5A78419B-3233-4556-9230-0974D1AA77D9}"
EndProject
Global
	GlobalSection(SolutionConfigurationPlatforms) = preSolution
		Debug|Any CPU = Debug|Any CPU
		Release|Any CPU = Release|Any CPU
	EndGlobalSection
	GlobalSection(ProjectConfigurationPlatforms) = postSolution
		{1A94049A-5942-43D8-B7EE-50717269442A}.Debug|Any CPU.ActiveCfg = Debug|Any CPU
		{1A94049A-5942-43D8-B7EE-50717269442A}.Debug|Any CPU.Build.0 = Debug|Any CPU
		{1A94049A-5942-43D8-B7EE-50717269442A}.Release|Any CPU.ActiveCfg = Release|Any CPU
		{1A94049A-5942-43D8-B7EE-50717269442A}.Release|Any CPU.Build.0 = Release|Any CPU
		{5A78419B-3233-4556-9230-0974D1AA77D9}.Debug|Any CPU.ActiveCfg = Debug|Any CPU
		{5A78419B-3233-4556-9230-0974D1AA77D9}.Debug|Any CPU.Build.0 = Debug|Any CPU
		{5A78419B-3233-4556-9230-0974D1AA77D9}.Release|Any CPU.ActiveCfg = Release|Any CPU
		{5A78419B-3233-4556-9230-0974D1AA77D9}.Release|Any CPU.Build.0 = Release|Any CPU
	EndGlobalSection
	GlobalSection(SolutionProperties) = preSolution
		HideSolutionNode = FALSE
	EndGlobalSection
	GlobalSection(ExtensibilityGlobals) = postSolution
		SolutionGuid = {FE741E55-1F47-4404-B1BF-EBB77C8B1A66}
	EndGlobalSection
EndGlobal
