
Microsoft Visual Studio Solution File, Format Version 12.00
# Visual Studio 15
VisualStudioVersion = 15.0.28010.2019
MinimumVisualStudioVersion = 10.0.40219.1
Project("{9A19103F-16F7-4668-BE54-9A1E7A4F7556}") = "Basic Stack operations", "..\Basic Stack operations\Basic Stack operations.csproj", "{CDDE1A1B-8C6F-40B8-B6FB-7E823E7D96DA}"
EndProject
Project("{9A19103F-16F7-4668-BE54-9A1E7A4F7556}") = "Basic Queue operations", "Basic Queue operations\Basic Queue operations.csproj", "{E918EADB-3E7E-491B-8F03-8BE68828B0C5}"
EndProject
Project("{9A19103F-16F7-4668-BE54-9A1E7A4F7556}") = "Maximum and minimum element", "Maximum and minimum element\Maximum and minimum element.csproj", "{5518A271-4BC5-4A40-AD8A-A287E045C7C8}"
EndProject
Project("{9A19103F-16F7-4668-BE54-9A1E7A4F7556}") = "Fast food", "Fast food\Fast food.csproj", "{95E0B9E7-91EE-40E4-89CE-D297B8C7179F}"
EndProject
Project("{2150E333-8FDC-42A3-9474-1A3956D46DE8}") = "Exercise Stack and Queues", "Exercise Stack and Queues", "{5CE3E661-8FB0-4CE0-888D-D4F1D9A16242}"
EndProject
Project("{9A19103F-16F7-4668-BE54-9A1E7A4F7556}") = "Fashion Botique", "Fashion Botique\Fashion Botique.csproj", "{CDA348F2-E7FD-41CD-BCA3-805F491CEF89}"
EndProject
Project("{9A19103F-16F7-4668-BE54-9A1E7A4F7556}") = "Songs queue", "Songs queue\Songs queue.csproj", "{EB2EA08A-FD73-4C1D-864E-02EEDF20380E}"
EndProject
Project("{9A19103F-16F7-4668-BE54-9A1E7A4F7556}") = "Truck tour", "Truck tour\Truck tour.csproj", "{69CFA290-85B5-4DAF-9177-E5D44BC7C933}"
EndProject
Project("{9A19103F-16F7-4668-BE54-9A1E7A4F7556}") = "Balanced Parenthesis", "Balanced Parenthesis\Balanced Parenthesis.csproj", "{79C12967-C56C-4AFC-BD22-48E4A96D5983}"
EndProject
Project("{9A19103F-16F7-4668-BE54-9A1E7A4F7556}") = "Simple text editor", "Simple text editor\Simple text editor.csproj", "{B4DC2414-E6BD-4E1B-BB60-B8DD370AA6BB}"
EndProject
Project("{9A19103F-16F7-4668-BE54-9A1E7A4F7556}") = "test", "test\test.csproj", "{FD6DADF1-FC29-4706-9BC4-4E4116813D37}"
EndProject
Project("{9A19103F-16F7-4668-BE54-9A1E7A4F7556}") = "Crossroads", "Crossroads\Crossroads.csproj", "{04FF1B36-3248-4D12-8B14-E74E129EAD75}"
EndProject
Project("{2150E333-8FDC-42A3-9474-1A3956D46DE8}") = "Multidimentional and Jagged arrays", "Multidimentional and Jagged arrays", "{B4923B1D-7AB8-4F8E-A352-B766949373E7}"
EndProject
Project("{9A19103F-16F7-4668-BE54-9A1E7A4F7556}") = "Diagonal Differance", "Diagonal Differance\Diagonal Differance.csproj", "{EBB04C36-7A48-4B6B-8EF6-F297D31F7E0B}"
EndProject
Project("{9A19103F-16F7-4668-BE54-9A1E7A4F7556}") = "Square matrix", "Square matrix\Square matrix.csproj", "{1D235903-8869-4A35-B5A4-C56B89289232}"
EndProject
Project("{9A19103F-16F7-4668-BE54-9A1E7A4F7556}") = "Maximum sum", "Maximum sum\Maximum sum.csproj", "{154A2AB4-C6D3-4FF1-BBAB-FC3D76A378A1}"
EndProject
Project("{9A19103F-16F7-4668-BE54-9A1E7A4F7556}") = "Matrix shuffling", "Matrix shuffling\Matrix shuffling.csproj", "{489CD56A-DE96-487A-8773-33BFCD62526A}"
EndProject
Project("{9A19103F-16F7-4668-BE54-9A1E7A4F7556}") = "Snake moves", "Snake moves\Snake moves.csproj", "{EF670705-EBD2-45D2-ADF6-FE8FC0502339}"
EndProject
Project("{9A19103F-16F7-4668-BE54-9A1E7A4F7556}") = "Jagged Array Manipulator", "Jagged Array Manipulator\Jagged Array Manipulator.csproj", "{C9B58C79-69BC-40EB-8189-0F1A5F689E25}"
EndProject
Project("{9A19103F-16F7-4668-BE54-9A1E7A4F7556}") = "Knight game", "Knight game\Knight game.csproj", "{14432B28-BFD7-4EA9-9B57-6F400465095C}"
EndProject
Project("{2150E333-8FDC-42A3-9474-1A3956D46DE8}") = "Sets and Dictionaries", "Sets and Dictionaries", "{07A31BAD-58E7-49B0-BBBF-E2730B19F06A}"
EndProject
Project("{9A19103F-16F7-4668-BE54-9A1E7A4F7556}") = "Unique Usernames", "Unique Usernames\Unique Usernames.csproj", "{21312031-0A6E-4F2E-8581-C58FAD964027}"
EndProject
Project("{9A19103F-16F7-4668-BE54-9A1E7A4F7556}") = "Set of elements", "Set of elements\Set of elements.csproj", "{900F3F07-FB0B-41BD-8670-BD01106C413E}"
EndProject
Project("{9A19103F-16F7-4668-BE54-9A1E7A4F7556}") = "Periodic Table", "Periodic Table\Periodic Table.csproj", "{7D754374-6144-4F65-BF38-EEE349831400}"
EndProject
Project("{9A19103F-16F7-4668-BE54-9A1E7A4F7556}") = "Even times", "Even times\Even times.csproj", "{AAF7EEEE-C8E9-4A5A-8170-0B9B9029B519}"
EndProject
Project("{9A19103F-16F7-4668-BE54-9A1E7A4F7556}") = "Count simbols", "Count simbols\Count simbols.csproj", "{ECFE36A1-A1DC-41AA-BC02-B74EC632D326}"
EndProject
Project("{9A19103F-16F7-4668-BE54-9A1E7A4F7556}") = "Wardrobe", "Wardrobe\Wardrobe.csproj", "{7BF40A99-7E83-4F36-AA47-EF88F626D7D3}"
EndProject
Project("{9A19103F-16F7-4668-BE54-9A1E7A4F7556}") = "T V-logger", "T V-logger\T V-logger.csproj", "{9A2B4D7C-D588-47BA-BCCF-8A771DE3A22C}"
EndProject
Project("{9A19103F-16F7-4668-BE54-9A1E7A4F7556}") = "Dictionary tests", "Dictionary tests\Dictionary tests.csproj", "{2EC5F262-7804-453C-8CA5-90AF074DB8CB}"
EndProject
Project("{9A19103F-16F7-4668-BE54-9A1E7A4F7556}") = "Ranking", "Ranking\Ranking.csproj", "{F762EC5C-6ECC-4115-A0E7-F7EB64595A9F}"
EndProject
Project("{2150E333-8FDC-42A3-9474-1A3956D46DE8}") = "Streams, Files and Directories", "Streams, Files and Directories", "{CBCC7CC1-3919-41CA-8475-E1A367B65FB1}"
EndProject
Project("{9A19103F-16F7-4668-BE54-9A1E7A4F7556}") = "Odd lines", "Odd lines\Odd lines.csproj", "{AE46F553-54C5-4F05-9FDF-4A56984848D3}"
EndProject
Project("{9A19103F-16F7-4668-BE54-9A1E7A4F7556}") = "Line numbers", "Line numbers\Line numbers.csproj", "{E1B60F1C-2640-4443-B56D-0702A1872A03}"
EndProject
Project("{9A19103F-16F7-4668-BE54-9A1E7A4F7556}") = "Word count", "Word count\Word count.csproj", "{90AB3E32-C42F-4D8B-AAC7-B784388D34FE}"
EndProject
Project("{9A19103F-16F7-4668-BE54-9A1E7A4F7556}") = "Merge files", "Merge files\Merge files.csproj", "{0F00651C-CC59-46A0-B89B-B971083D55D2}"
EndProject
Project("{9A19103F-16F7-4668-BE54-9A1E7A4F7556}") = "Folder size", "Folder size\Folder size.csproj", "{02B47385-59A9-4274-A1BB-C69C8EC23044}"
EndProject
Project("{2150E333-8FDC-42A3-9474-1A3956D46DE8}") = "LAB", "LAB", "{420EF2EA-3668-450B-94B6-1C320BC94B25}"
EndProject
Project("{2150E333-8FDC-42A3-9474-1A3956D46DE8}") = "Exercise", "Exercise", "{074929AB-FD6C-4B25-906F-65A53D932A54}"
EndProject
Project("{9A19103F-16F7-4668-BE54-9A1E7A4F7556}") = "Even lines", "Even lines\Even lines.csproj", "{A95297B7-5776-41FA-A3D1-F65295679CBF}"
EndProject
Project("{9A19103F-16F7-4668-BE54-9A1E7A4F7556}") = "Line numbers (exercise)", "Line numbers (exercise)\Line numbers (exercise).csproj", "{6738EAFC-9486-4AFF-9609-A4BAFC319A1D}"
EndProject
Project("{FAE04EC0-301F-11D3-BF4B-00C04F79EFBC}") = "Copy Binary file", "Copy Binary file\Copy Binary file.csproj", "{FF13E6CE-A5AC-44D3-8ECF-C6E4AA6CB967}"
EndProject
Project("{FAE04EC0-301F-11D3-BF4B-00C04F79EFBC}") = "Directory traversal", "Directory traversal\Directory traversal.csproj", "{BC4F60FA-63D8-43E3-9FE2-2839D6D84549}"
EndProject
Project("{FAE04EC0-301F-11D3-BF4B-00C04F79EFBC}") = "Zip and extract", "Zip and extract\Zip and extract.csproj", "{FFD3F601-7409-488D-8837-FB950213C8C3}"
EndProject
Global
	GlobalSection(SolutionConfigurationPlatforms) = preSolution
		Debug|Any CPU = Debug|Any CPU
		Release|Any CPU = Release|Any CPU
	EndGlobalSection
	GlobalSection(ProjectConfigurationPlatforms) = postSolution
		{CDDE1A1B-8C6F-40B8-B6FB-7E823E7D96DA}.Debug|Any CPU.ActiveCfg = Debug|Any CPU
		{CDDE1A1B-8C6F-40B8-B6FB-7E823E7D96DA}.Debug|Any CPU.Build.0 = Debug|Any CPU
		{CDDE1A1B-8C6F-40B8-B6FB-7E823E7D96DA}.Release|Any CPU.ActiveCfg = Release|Any CPU
		{CDDE1A1B-8C6F-40B8-B6FB-7E823E7D96DA}.Release|Any CPU.Build.0 = Release|Any CPU
		{E918EADB-3E7E-491B-8F03-8BE68828B0C5}.Debug|Any CPU.ActiveCfg = Debug|Any CPU
		{E918EADB-3E7E-491B-8F03-8BE68828B0C5}.Debug|Any CPU.Build.0 = Debug|Any CPU
		{E918EADB-3E7E-491B-8F03-8BE68828B0C5}.Release|Any CPU.ActiveCfg = Release|Any CPU
		{E918EADB-3E7E-491B-8F03-8BE68828B0C5}.Release|Any CPU.Build.0 = Release|Any CPU
		{5518A271-4BC5-4A40-AD8A-A287E045C7C8}.Debug|Any CPU.ActiveCfg = Debug|Any CPU
		{5518A271-4BC5-4A40-AD8A-A287E045C7C8}.Debug|Any CPU.Build.0 = Debug|Any CPU
		{5518A271-4BC5-4A40-AD8A-A287E045C7C8}.Release|Any CPU.ActiveCfg = Release|Any CPU
		{5518A271-4BC5-4A40-AD8A-A287E045C7C8}.Release|Any CPU.Build.0 = Release|Any CPU
		{95E0B9E7-91EE-40E4-89CE-D297B8C7179F}.Debug|Any CPU.ActiveCfg = Debug|Any CPU
		{95E0B9E7-91EE-40E4-89CE-D297B8C7179F}.Debug|Any CPU.Build.0 = Debug|Any CPU
		{95E0B9E7-91EE-40E4-89CE-D297B8C7179F}.Release|Any CPU.ActiveCfg = Release|Any CPU
		{95E0B9E7-91EE-40E4-89CE-D297B8C7179F}.Release|Any CPU.Build.0 = Release|Any CPU
		{CDA348F2-E7FD-41CD-BCA3-805F491CEF89}.Debug|Any CPU.ActiveCfg = Debug|Any CPU
		{CDA348F2-E7FD-41CD-BCA3-805F491CEF89}.Debug|Any CPU.Build.0 = Debug|Any CPU
		{CDA348F2-E7FD-41CD-BCA3-805F491CEF89}.Release|Any CPU.ActiveCfg = Release|Any CPU
		{CDA348F2-E7FD-41CD-BCA3-805F491CEF89}.Release|Any CPU.Build.0 = Release|Any CPU
		{EB2EA08A-FD73-4C1D-864E-02EEDF20380E}.Debug|Any CPU.ActiveCfg = Debug|Any CPU
		{EB2EA08A-FD73-4C1D-864E-02EEDF20380E}.Debug|Any CPU.Build.0 = Debug|Any CPU
		{EB2EA08A-FD73-4C1D-864E-02EEDF20380E}.Release|Any CPU.ActiveCfg = Release|Any CPU
		{EB2EA08A-FD73-4C1D-864E-02EEDF20380E}.Release|Any CPU.Build.0 = Release|Any CPU
		{69CFA290-85B5-4DAF-9177-E5D44BC7C933}.Debug|Any CPU.ActiveCfg = Debug|Any CPU
		{69CFA290-85B5-4DAF-9177-E5D44BC7C933}.Debug|Any CPU.Build.0 = Debug|Any CPU
		{69CFA290-85B5-4DAF-9177-E5D44BC7C933}.Release|Any CPU.ActiveCfg = Release|Any CPU
		{69CFA290-85B5-4DAF-9177-E5D44BC7C933}.Release|Any CPU.Build.0 = Release|Any CPU
		{79C12967-C56C-4AFC-BD22-48E4A96D5983}.Debug|Any CPU.ActiveCfg = Debug|Any CPU
		{79C12967-C56C-4AFC-BD22-48E4A96D5983}.Debug|Any CPU.Build.0 = Debug|Any CPU
		{79C12967-C56C-4AFC-BD22-48E4A96D5983}.Release|Any CPU.ActiveCfg = Release|Any CPU
		{79C12967-C56C-4AFC-BD22-48E4A96D5983}.Release|Any CPU.Build.0 = Release|Any CPU
		{B4DC2414-E6BD-4E1B-BB60-B8DD370AA6BB}.Debug|Any CPU.ActiveCfg = Debug|Any CPU
		{B4DC2414-E6BD-4E1B-BB60-B8DD370AA6BB}.Debug|Any CPU.Build.0 = Debug|Any CPU
		{B4DC2414-E6BD-4E1B-BB60-B8DD370AA6BB}.Release|Any CPU.ActiveCfg = Release|Any CPU
		{B4DC2414-E6BD-4E1B-BB60-B8DD370AA6BB}.Release|Any CPU.Build.0 = Release|Any CPU
		{FD6DADF1-FC29-4706-9BC4-4E4116813D37}.Debug|Any CPU.ActiveCfg = Debug|Any CPU
		{FD6DADF1-FC29-4706-9BC4-4E4116813D37}.Debug|Any CPU.Build.0 = Debug|Any CPU
		{FD6DADF1-FC29-4706-9BC4-4E4116813D37}.Release|Any CPU.ActiveCfg = Release|Any CPU
		{FD6DADF1-FC29-4706-9BC4-4E4116813D37}.Release|Any CPU.Build.0 = Release|Any CPU
		{04FF1B36-3248-4D12-8B14-E74E129EAD75}.Debug|Any CPU.ActiveCfg = Debug|Any CPU
		{04FF1B36-3248-4D12-8B14-E74E129EAD75}.Debug|Any CPU.Build.0 = Debug|Any CPU
		{04FF1B36-3248-4D12-8B14-E74E129EAD75}.Release|Any CPU.ActiveCfg = Release|Any CPU
		{04FF1B36-3248-4D12-8B14-E74E129EAD75}.Release|Any CPU.Build.0 = Release|Any CPU
		{EBB04C36-7A48-4B6B-8EF6-F297D31F7E0B}.Debug|Any CPU.ActiveCfg = Debug|Any CPU
		{EBB04C36-7A48-4B6B-8EF6-F297D31F7E0B}.Debug|Any CPU.Build.0 = Debug|Any CPU
		{EBB04C36-7A48-4B6B-8EF6-F297D31F7E0B}.Release|Any CPU.ActiveCfg = Release|Any CPU
		{EBB04C36-7A48-4B6B-8EF6-F297D31F7E0B}.Release|Any CPU.Build.0 = Release|Any CPU
		{1D235903-8869-4A35-B5A4-C56B89289232}.Debug|Any CPU.ActiveCfg = Debug|Any CPU
		{1D235903-8869-4A35-B5A4-C56B89289232}.Debug|Any CPU.Build.0 = Debug|Any CPU
		{1D235903-8869-4A35-B5A4-C56B89289232}.Release|Any CPU.ActiveCfg = Release|Any CPU
		{1D235903-8869-4A35-B5A4-C56B89289232}.Release|Any CPU.Build.0 = Release|Any CPU
		{154A2AB4-C6D3-4FF1-BBAB-FC3D76A378A1}.Debug|Any CPU.ActiveCfg = Debug|Any CPU
		{154A2AB4-C6D3-4FF1-BBAB-FC3D76A378A1}.Debug|Any CPU.Build.0 = Debug|Any CPU
		{154A2AB4-C6D3-4FF1-BBAB-FC3D76A378A1}.Release|Any CPU.ActiveCfg = Release|Any CPU
		{154A2AB4-C6D3-4FF1-BBAB-FC3D76A378A1}.Release|Any CPU.Build.0 = Release|Any CPU
		{489CD56A-DE96-487A-8773-33BFCD62526A}.Debug|Any CPU.ActiveCfg = Debug|Any CPU
		{489CD56A-DE96-487A-8773-33BFCD62526A}.Debug|Any CPU.Build.0 = Debug|Any CPU
		{489CD56A-DE96-487A-8773-33BFCD62526A}.Release|Any CPU.ActiveCfg = Release|Any CPU
		{489CD56A-DE96-487A-8773-33BFCD62526A}.Release|Any CPU.Build.0 = Release|Any CPU
		{EF670705-EBD2-45D2-ADF6-FE8FC0502339}.Debug|Any CPU.ActiveCfg = Debug|Any CPU
		{EF670705-EBD2-45D2-ADF6-FE8FC0502339}.Debug|Any CPU.Build.0 = Debug|Any CPU
		{EF670705-EBD2-45D2-ADF6-FE8FC0502339}.Release|Any CPU.ActiveCfg = Release|Any CPU
		{EF670705-EBD2-45D2-ADF6-FE8FC0502339}.Release|Any CPU.Build.0 = Release|Any CPU
		{C9B58C79-69BC-40EB-8189-0F1A5F689E25}.Debug|Any CPU.ActiveCfg = Debug|Any CPU
		{C9B58C79-69BC-40EB-8189-0F1A5F689E25}.Debug|Any CPU.Build.0 = Debug|Any CPU
		{C9B58C79-69BC-40EB-8189-0F1A5F689E25}.Release|Any CPU.ActiveCfg = Release|Any CPU
		{C9B58C79-69BC-40EB-8189-0F1A5F689E25}.Release|Any CPU.Build.0 = Release|Any CPU
		{14432B28-BFD7-4EA9-9B57-6F400465095C}.Debug|Any CPU.ActiveCfg = Debug|Any CPU
		{14432B28-BFD7-4EA9-9B57-6F400465095C}.Debug|Any CPU.Build.0 = Debug|Any CPU
		{14432B28-BFD7-4EA9-9B57-6F400465095C}.Release|Any CPU.ActiveCfg = Release|Any CPU
		{14432B28-BFD7-4EA9-9B57-6F400465095C}.Release|Any CPU.Build.0 = Release|Any CPU
		{21312031-0A6E-4F2E-8581-C58FAD964027}.Debug|Any CPU.ActiveCfg = Debug|Any CPU
		{21312031-0A6E-4F2E-8581-C58FAD964027}.Debug|Any CPU.Build.0 = Debug|Any CPU
		{21312031-0A6E-4F2E-8581-C58FAD964027}.Release|Any CPU.ActiveCfg = Release|Any CPU
		{21312031-0A6E-4F2E-8581-C58FAD964027}.Release|Any CPU.Build.0 = Release|Any CPU
		{900F3F07-FB0B-41BD-8670-BD01106C413E}.Debug|Any CPU.ActiveCfg = Debug|Any CPU
		{900F3F07-FB0B-41BD-8670-BD01106C413E}.Debug|Any CPU.Build.0 = Debug|Any CPU
		{900F3F07-FB0B-41BD-8670-BD01106C413E}.Release|Any CPU.ActiveCfg = Release|Any CPU
		{900F3F07-FB0B-41BD-8670-BD01106C413E}.Release|Any CPU.Build.0 = Release|Any CPU
		{7D754374-6144-4F65-BF38-EEE349831400}.Debug|Any CPU.ActiveCfg = Debug|Any CPU
		{7D754374-6144-4F65-BF38-EEE349831400}.Debug|Any CPU.Build.0 = Debug|Any CPU
		{7D754374-6144-4F65-BF38-EEE349831400}.Release|Any CPU.ActiveCfg = Release|Any CPU
		{7D754374-6144-4F65-BF38-EEE349831400}.Release|Any CPU.Build.0 = Release|Any CPU
		{AAF7EEEE-C8E9-4A5A-8170-0B9B9029B519}.Debug|Any CPU.ActiveCfg = Debug|Any CPU
		{AAF7EEEE-C8E9-4A5A-8170-0B9B9029B519}.Debug|Any CPU.Build.0 = Debug|Any CPU
		{AAF7EEEE-C8E9-4A5A-8170-0B9B9029B519}.Release|Any CPU.ActiveCfg = Release|Any CPU
		{AAF7EEEE-C8E9-4A5A-8170-0B9B9029B519}.Release|Any CPU.Build.0 = Release|Any CPU
		{ECFE36A1-A1DC-41AA-BC02-B74EC632D326}.Debug|Any CPU.ActiveCfg = Debug|Any CPU
		{ECFE36A1-A1DC-41AA-BC02-B74EC632D326}.Debug|Any CPU.Build.0 = Debug|Any CPU
		{ECFE36A1-A1DC-41AA-BC02-B74EC632D326}.Release|Any CPU.ActiveCfg = Release|Any CPU
		{ECFE36A1-A1DC-41AA-BC02-B74EC632D326}.Release|Any CPU.Build.0 = Release|Any CPU
		{7BF40A99-7E83-4F36-AA47-EF88F626D7D3}.Debug|Any CPU.ActiveCfg = Debug|Any CPU
		{7BF40A99-7E83-4F36-AA47-EF88F626D7D3}.Debug|Any CPU.Build.0 = Debug|Any CPU
		{7BF40A99-7E83-4F36-AA47-EF88F626D7D3}.Release|Any CPU.ActiveCfg = Release|Any CPU
		{7BF40A99-7E83-4F36-AA47-EF88F626D7D3}.Release|Any CPU.Build.0 = Release|Any CPU
		{9A2B4D7C-D588-47BA-BCCF-8A771DE3A22C}.Debug|Any CPU.ActiveCfg = Debug|Any CPU
		{9A2B4D7C-D588-47BA-BCCF-8A771DE3A22C}.Debug|Any CPU.Build.0 = Debug|Any CPU
		{9A2B4D7C-D588-47BA-BCCF-8A771DE3A22C}.Release|Any CPU.ActiveCfg = Release|Any CPU
		{9A2B4D7C-D588-47BA-BCCF-8A771DE3A22C}.Release|Any CPU.Build.0 = Release|Any CPU
		{2EC5F262-7804-453C-8CA5-90AF074DB8CB}.Debug|Any CPU.ActiveCfg = Debug|Any CPU
		{2EC5F262-7804-453C-8CA5-90AF074DB8CB}.Debug|Any CPU.Build.0 = Debug|Any CPU
		{2EC5F262-7804-453C-8CA5-90AF074DB8CB}.Release|Any CPU.ActiveCfg = Release|Any CPU
		{2EC5F262-7804-453C-8CA5-90AF074DB8CB}.Release|Any CPU.Build.0 = Release|Any CPU
		{F762EC5C-6ECC-4115-A0E7-F7EB64595A9F}.Debug|Any CPU.ActiveCfg = Debug|Any CPU
		{F762EC5C-6ECC-4115-A0E7-F7EB64595A9F}.Debug|Any CPU.Build.0 = Debug|Any CPU
		{F762EC5C-6ECC-4115-A0E7-F7EB64595A9F}.Release|Any CPU.ActiveCfg = Release|Any CPU
		{F762EC5C-6ECC-4115-A0E7-F7EB64595A9F}.Release|Any CPU.Build.0 = Release|Any CPU
		{AE46F553-54C5-4F05-9FDF-4A56984848D3}.Debug|Any CPU.ActiveCfg = Debug|Any CPU
		{AE46F553-54C5-4F05-9FDF-4A56984848D3}.Debug|Any CPU.Build.0 = Debug|Any CPU
		{AE46F553-54C5-4F05-9FDF-4A56984848D3}.Release|Any CPU.ActiveCfg = Release|Any CPU
		{AE46F553-54C5-4F05-9FDF-4A56984848D3}.Release|Any CPU.Build.0 = Release|Any CPU
		{E1B60F1C-2640-4443-B56D-0702A1872A03}.Debug|Any CPU.ActiveCfg = Debug|Any CPU
		{E1B60F1C-2640-4443-B56D-0702A1872A03}.Debug|Any CPU.Build.0 = Debug|Any CPU
		{E1B60F1C-2640-4443-B56D-0702A1872A03}.Release|Any CPU.ActiveCfg = Release|Any CPU
		{E1B60F1C-2640-4443-B56D-0702A1872A03}.Release|Any CPU.Build.0 = Release|Any CPU
		{90AB3E32-C42F-4D8B-AAC7-B784388D34FE}.Debug|Any CPU.ActiveCfg = Debug|Any CPU
		{90AB3E32-C42F-4D8B-AAC7-B784388D34FE}.Debug|Any CPU.Build.0 = Debug|Any CPU
		{90AB3E32-C42F-4D8B-AAC7-B784388D34FE}.Release|Any CPU.ActiveCfg = Release|Any CPU
		{90AB3E32-C42F-4D8B-AAC7-B784388D34FE}.Release|Any CPU.Build.0 = Release|Any CPU
		{0F00651C-CC59-46A0-B89B-B971083D55D2}.Debug|Any CPU.ActiveCfg = Debug|Any CPU
		{0F00651C-CC59-46A0-B89B-B971083D55D2}.Debug|Any CPU.Build.0 = Debug|Any CPU
		{0F00651C-CC59-46A0-B89B-B971083D55D2}.Release|Any CPU.ActiveCfg = Release|Any CPU
		{0F00651C-CC59-46A0-B89B-B971083D55D2}.Release|Any CPU.Build.0 = Release|Any CPU
		{02B47385-59A9-4274-A1BB-C69C8EC23044}.Debug|Any CPU.ActiveCfg = Debug|Any CPU
		{02B47385-59A9-4274-A1BB-C69C8EC23044}.Debug|Any CPU.Build.0 = Debug|Any CPU
		{02B47385-59A9-4274-A1BB-C69C8EC23044}.Release|Any CPU.ActiveCfg = Release|Any CPU
		{02B47385-59A9-4274-A1BB-C69C8EC23044}.Release|Any CPU.Build.0 = Release|Any CPU
		{A95297B7-5776-41FA-A3D1-F65295679CBF}.Debug|Any CPU.ActiveCfg = Debug|Any CPU
		{A95297B7-5776-41FA-A3D1-F65295679CBF}.Debug|Any CPU.Build.0 = Debug|Any CPU
		{A95297B7-5776-41FA-A3D1-F65295679CBF}.Release|Any CPU.ActiveCfg = Release|Any CPU
		{A95297B7-5776-41FA-A3D1-F65295679CBF}.Release|Any CPU.Build.0 = Release|Any CPU
		{6738EAFC-9486-4AFF-9609-A4BAFC319A1D}.Debug|Any CPU.ActiveCfg = Debug|Any CPU
		{6738EAFC-9486-4AFF-9609-A4BAFC319A1D}.Debug|Any CPU.Build.0 = Debug|Any CPU
		{6738EAFC-9486-4AFF-9609-A4BAFC319A1D}.Release|Any CPU.ActiveCfg = Release|Any CPU
		{6738EAFC-9486-4AFF-9609-A4BAFC319A1D}.Release|Any CPU.Build.0 = Release|Any CPU
		{FF13E6CE-A5AC-44D3-8ECF-C6E4AA6CB967}.Debug|Any CPU.ActiveCfg = Debug|Any CPU
		{FF13E6CE-A5AC-44D3-8ECF-C6E4AA6CB967}.Debug|Any CPU.Build.0 = Debug|Any CPU
		{FF13E6CE-A5AC-44D3-8ECF-C6E4AA6CB967}.Release|Any CPU.ActiveCfg = Release|Any CPU
		{FF13E6CE-A5AC-44D3-8ECF-C6E4AA6CB967}.Release|Any CPU.Build.0 = Release|Any CPU
		{BC4F60FA-63D8-43E3-9FE2-2839D6D84549}.Debug|Any CPU.ActiveCfg = Debug|Any CPU
		{BC4F60FA-63D8-43E3-9FE2-2839D6D84549}.Debug|Any CPU.Build.0 = Debug|Any CPU
		{BC4F60FA-63D8-43E3-9FE2-2839D6D84549}.Release|Any CPU.ActiveCfg = Release|Any CPU
		{BC4F60FA-63D8-43E3-9FE2-2839D6D84549}.Release|Any CPU.Build.0 = Release|Any CPU
		{FFD3F601-7409-488D-8837-FB950213C8C3}.Debug|Any CPU.ActiveCfg = Debug|Any CPU
		{FFD3F601-7409-488D-8837-FB950213C8C3}.Debug|Any CPU.Build.0 = Debug|Any CPU
		{FFD3F601-7409-488D-8837-FB950213C8C3}.Release|Any CPU.ActiveCfg = Release|Any CPU
		{FFD3F601-7409-488D-8837-FB950213C8C3}.Release|Any CPU.Build.0 = Release|Any CPU
	EndGlobalSection
	GlobalSection(SolutionProperties) = preSolution
		HideSolutionNode = FALSE
	EndGlobalSection
	GlobalSection(NestedProjects) = preSolution
		{CDDE1A1B-8C6F-40B8-B6FB-7E823E7D96DA} = {5CE3E661-8FB0-4CE0-888D-D4F1D9A16242}
		{E918EADB-3E7E-491B-8F03-8BE68828B0C5} = {5CE3E661-8FB0-4CE0-888D-D4F1D9A16242}
		{5518A271-4BC5-4A40-AD8A-A287E045C7C8} = {5CE3E661-8FB0-4CE0-888D-D4F1D9A16242}
		{95E0B9E7-91EE-40E4-89CE-D297B8C7179F} = {5CE3E661-8FB0-4CE0-888D-D4F1D9A16242}
		{CDA348F2-E7FD-41CD-BCA3-805F491CEF89} = {5CE3E661-8FB0-4CE0-888D-D4F1D9A16242}
		{EB2EA08A-FD73-4C1D-864E-02EEDF20380E} = {5CE3E661-8FB0-4CE0-888D-D4F1D9A16242}
		{69CFA290-85B5-4DAF-9177-E5D44BC7C933} = {5CE3E661-8FB0-4CE0-888D-D4F1D9A16242}
		{79C12967-C56C-4AFC-BD22-48E4A96D5983} = {5CE3E661-8FB0-4CE0-888D-D4F1D9A16242}
		{B4DC2414-E6BD-4E1B-BB60-B8DD370AA6BB} = {5CE3E661-8FB0-4CE0-888D-D4F1D9A16242}
		{FD6DADF1-FC29-4706-9BC4-4E4116813D37} = {5CE3E661-8FB0-4CE0-888D-D4F1D9A16242}
		{04FF1B36-3248-4D12-8B14-E74E129EAD75} = {5CE3E661-8FB0-4CE0-888D-D4F1D9A16242}
		{EBB04C36-7A48-4B6B-8EF6-F297D31F7E0B} = {B4923B1D-7AB8-4F8E-A352-B766949373E7}
		{1D235903-8869-4A35-B5A4-C56B89289232} = {B4923B1D-7AB8-4F8E-A352-B766949373E7}
		{154A2AB4-C6D3-4FF1-BBAB-FC3D76A378A1} = {B4923B1D-7AB8-4F8E-A352-B766949373E7}
		{489CD56A-DE96-487A-8773-33BFCD62526A} = {B4923B1D-7AB8-4F8E-A352-B766949373E7}
		{EF670705-EBD2-45D2-ADF6-FE8FC0502339} = {B4923B1D-7AB8-4F8E-A352-B766949373E7}
		{C9B58C79-69BC-40EB-8189-0F1A5F689E25} = {B4923B1D-7AB8-4F8E-A352-B766949373E7}
		{14432B28-BFD7-4EA9-9B57-6F400465095C} = {B4923B1D-7AB8-4F8E-A352-B766949373E7}
		{21312031-0A6E-4F2E-8581-C58FAD964027} = {07A31BAD-58E7-49B0-BBBF-E2730B19F06A}
		{900F3F07-FB0B-41BD-8670-BD01106C413E} = {07A31BAD-58E7-49B0-BBBF-E2730B19F06A}
		{7D754374-6144-4F65-BF38-EEE349831400} = {07A31BAD-58E7-49B0-BBBF-E2730B19F06A}
		{AAF7EEEE-C8E9-4A5A-8170-0B9B9029B519} = {07A31BAD-58E7-49B0-BBBF-E2730B19F06A}
		{ECFE36A1-A1DC-41AA-BC02-B74EC632D326} = {07A31BAD-58E7-49B0-BBBF-E2730B19F06A}
		{7BF40A99-7E83-4F36-AA47-EF88F626D7D3} = {07A31BAD-58E7-49B0-BBBF-E2730B19F06A}
		{9A2B4D7C-D588-47BA-BCCF-8A771DE3A22C} = {07A31BAD-58E7-49B0-BBBF-E2730B19F06A}
		{2EC5F262-7804-453C-8CA5-90AF074DB8CB} = {07A31BAD-58E7-49B0-BBBF-E2730B19F06A}
		{F762EC5C-6ECC-4115-A0E7-F7EB64595A9F} = {07A31BAD-58E7-49B0-BBBF-E2730B19F06A}
		{AE46F553-54C5-4F05-9FDF-4A56984848D3} = {420EF2EA-3668-450B-94B6-1C320BC94B25}
		{E1B60F1C-2640-4443-B56D-0702A1872A03} = {420EF2EA-3668-450B-94B6-1C320BC94B25}
		{90AB3E32-C42F-4D8B-AAC7-B784388D34FE} = {074929AB-FD6C-4B25-906F-65A53D932A54}
		{0F00651C-CC59-46A0-B89B-B971083D55D2} = {420EF2EA-3668-450B-94B6-1C320BC94B25}
		{02B47385-59A9-4274-A1BB-C69C8EC23044} = {420EF2EA-3668-450B-94B6-1C320BC94B25}
		{420EF2EA-3668-450B-94B6-1C320BC94B25} = {CBCC7CC1-3919-41CA-8475-E1A367B65FB1}
		{074929AB-FD6C-4B25-906F-65A53D932A54} = {CBCC7CC1-3919-41CA-8475-E1A367B65FB1}
		{A95297B7-5776-41FA-A3D1-F65295679CBF} = {074929AB-FD6C-4B25-906F-65A53D932A54}
		{6738EAFC-9486-4AFF-9609-A4BAFC319A1D} = {074929AB-FD6C-4B25-906F-65A53D932A54}
		{FF13E6CE-A5AC-44D3-8ECF-C6E4AA6CB967} = {074929AB-FD6C-4B25-906F-65A53D932A54}
		{BC4F60FA-63D8-43E3-9FE2-2839D6D84549} = {074929AB-FD6C-4B25-906F-65A53D932A54}
		{FFD3F601-7409-488D-8837-FB950213C8C3} = {074929AB-FD6C-4B25-906F-65A53D932A54}
	EndGlobalSection
	GlobalSection(ExtensibilityGlobals) = postSolution
		SolutionGuid = {0570E5C6-9773-4A18-9EA1-6C11D430E65C}
	EndGlobalSection
EndGlobal
