
Microsoft Visual Studio Solution File, Format Version 12.00
# Visual Studio Version 16
VisualStudioVersion = 16.0.31005.135
MinimumVisualStudioVersion = 10.0.40219.1
Project("{FAE04EC0-301F-11D3-BF4B-00C04F79EFBC}") = "P01_StudentSystem", "P01_StudentSystem\P01_StudentSystem.csproj", "{C27D393E-C454-4EC7-92D1-BAF3DE7BFD9E}"
EndProject
Global
	GlobalSection(SolutionConfigurationPlatforms) = preSolution
		Debug|Any CPU = Debug|Any CPU
		Release|Any CPU = Release|Any CPU
	EndGlobalSection
	GlobalSection(ProjectConfigurationPlatforms) = postSolution
		{C27D393E-C454-4EC7-92D1-BAF3DE7BFD9E}.Debug|Any CPU.ActiveCfg = Debug|Any CPU
		{C27D393E-C454-4EC7-92D1-BAF3DE7BFD9E}.Debug|Any CPU.Build.0 = Debug|Any CPU
		{C27D393E-C454-4EC7-92D1-BAF3DE7BFD9E}.Release|Any CPU.ActiveCfg = Release|Any CPU
		{C27D393E-C454-4EC7-92D1-BAF3DE7BFD9E}.Release|Any CPU.Build.0 = Release|Any CPU
	EndGlobalSection
	GlobalSection(SolutionProperties) = preSolution
		HideSolutionNode = FALSE
	EndGlobalSection
	GlobalSection(ExtensibilityGlobals) = postSolution
		SolutionGuid = {F7B2671D-84A9-440F-8497-1A39AA1CD2EC}
	EndGlobalSection
EndGlobal
