
Microsoft Visual Studio Solution File, Format Version 12.00
# Visual Studio Version 16
VisualStudioVersion = 16.0.30204.135
MinimumVisualStudioVersion = 10.0.40219.1
Project("{9A19103F-16F7-4668-BE54-9A1E7A4F7556}") = "DefineAnInterfaceIPerson", "DefineAnInterfaceIPerson\DefineAnInterfaceIPerson.csproj", "{565A5DE7-34A7-4ED6-92BE-C61E3698093F}"
EndProject
Project("{9A19103F-16F7-4668-BE54-9A1E7A4F7556}") = "MultipleImplementation", "MultipleImplementation\MultipleImplementation.csproj", "{BE46F096-11F1-4BF0-8F84-78F66DB75F8A}"
EndProject
Project("{9A19103F-16F7-4668-BE54-9A1E7A4F7556}") = "Telephony", "Telephony\Telephony.csproj", "{A8B48045-B54C-45E1-BFB8-FB54AADF7313}"
EndProject
Project("{9A19103F-16F7-4668-BE54-9A1E7A4F7556}") = "BorderControl", "BorderControl\BorderControl.csproj", "{B2129701-70FC-4270-BFF9-8B0766AE2D49}"
EndProject
Project("{FAE04EC0-301F-11D3-BF4B-00C04F79EFBC}") = "MilitaryElite", "MilitaryElite\MilitaryElite.csproj", "{099C9581-99C8-4227-9831-0F1C28ED928E}"
EndProject
Global
	GlobalSection(SolutionConfigurationPlatforms) = preSolution
		Debug|Any CPU = Debug|Any CPU
		Release|Any CPU = Release|Any CPU
	EndGlobalSection
	GlobalSection(ProjectConfigurationPlatforms) = postSolution
		{565A5DE7-34A7-4ED6-92BE-C61E3698093F}.Debug|Any CPU.ActiveCfg = Debug|Any CPU
		{565A5DE7-34A7-4ED6-92BE-C61E3698093F}.Debug|Any CPU.Build.0 = Debug|Any CPU
		{565A5DE7-34A7-4ED6-92BE-C61E3698093F}.Release|Any CPU.ActiveCfg = Release|Any CPU
		{565A5DE7-34A7-4ED6-92BE-C61E3698093F}.Release|Any CPU.Build.0 = Release|Any CPU
		{BE46F096-11F1-4BF0-8F84-78F66DB75F8A}.Debug|Any CPU.ActiveCfg = Debug|Any CPU
		{BE46F096-11F1-4BF0-8F84-78F66DB75F8A}.Debug|Any CPU.Build.0 = Debug|Any CPU
		{BE46F096-11F1-4BF0-8F84-78F66DB75F8A}.Release|Any CPU.ActiveCfg = Release|Any CPU
		{BE46F096-11F1-4BF0-8F84-78F66DB75F8A}.Release|Any CPU.Build.0 = Release|Any CPU
		{A8B48045-B54C-45E1-BFB8-FB54AADF7313}.Debug|Any CPU.ActiveCfg = Debug|Any CPU
		{A8B48045-B54C-45E1-BFB8-FB54AADF7313}.Debug|Any CPU.Build.0 = Debug|Any CPU
		{A8B48045-B54C-45E1-BFB8-FB54AADF7313}.Release|Any CPU.ActiveCfg = Release|Any CPU
		{A8B48045-B54C-45E1-BFB8-FB54AADF7313}.Release|Any CPU.Build.0 = Release|Any CPU
		{B2129701-70FC-4270-BFF9-8B0766AE2D49}.Debug|Any CPU.ActiveCfg = Debug|Any CPU
		{B2129701-70FC-4270-BFF9-8B0766AE2D49}.Debug|Any CPU.Build.0 = Debug|Any CPU
		{B2129701-70FC-4270-BFF9-8B0766AE2D49}.Release|Any CPU.ActiveCfg = Release|Any CPU
		{B2129701-70FC-4270-BFF9-8B0766AE2D49}.Release|Any CPU.Build.0 = Release|Any CPU
		{099C9581-99C8-4227-9831-0F1C28ED928E}.Debug|Any CPU.ActiveCfg = Debug|Any CPU
		{099C9581-99C8-4227-9831-0F1C28ED928E}.Debug|Any CPU.Build.0 = Debug|Any CPU
		{099C9581-99C8-4227-9831-0F1C28ED928E}.Release|Any CPU.ActiveCfg = Release|Any CPU
		{099C9581-99C8-4227-9831-0F1C28ED928E}.Release|Any CPU.Build.0 = Release|Any CPU
	EndGlobalSection
	GlobalSection(SolutionProperties) = preSolution
		HideSolutionNode = FALSE
	EndGlobalSection
	GlobalSection(ExtensibilityGlobals) = postSolution
		SolutionGuid = {4B7D4CCC-5C15-4CAB-9305-ACD0CE6F21A3}
	EndGlobalSection
EndGlobal
